
Microsoft Visual Studio Solution File, Format Version 12.00
# Visual Studio Version 17
VisualStudioVersion = 17.0.31903.59
MinimumVisualStudioVersion = 10.0.40219.1
Project("{FAE04EC0-301F-11D3-BF4B-00C04F79EFBC}") = "koshka", "koshka\koshka.csproj", "{9A1BFC8E-F4E4-4E4F-B472-57CD874B6041}"
EndProject
Global
	GlobalSection(SolutionConfigurationPlatforms) = preSolution
		Debug|Any CPU = Debug|Any CPU
		Release|Any CPU = Release|Any CPU
	EndGlobalSection
	GlobalSection(ProjectConfigurationPlatforms) = postSolution
		{9A1BFC8E-F4E4-4E4F-B472-57CD874B6041}.Debug|Any CPU.ActiveCfg = Debug|Any CPU
		{9A1BFC8E-F4E4-4E4F-B472-57CD874B6041}.Debug|Any CPU.Build.0 = Debug|Any CPU
		{9A1BFC8E-F4E4-4E4F-B472-57CD874B6041}.Release|Any CPU.ActiveCfg = Release|Any CPU
		{9A1BFC8E-F4E4-4E4F-B472-57CD874B6041}.Release|Any CPU.Build.0 = Release|Any CPU
	EndGlobalSection
	GlobalSection(SolutionProperties) = preSolution
		HideSolutionNode = FALSE
	EndGlobalSection
	GlobalSection(ExtensibilityGlobals) = postSolution
		SolutionGuid = {84B396D6-27F3-4B0E-A1F2-7A01BF2B8545}
	EndGlobalSection
EndGlobal
